
Microsoft Visual Studio Solution File, Format Version 12.00
# Visual Studio Version 16
VisualStudioVersion = 16.0.29905.134
MinimumVisualStudioVersion = 10.0.40219.1
Project("{9A19103F-16F7-4668-BE54-9A1E7A4F7556}") = "Jellyfin.Plugin.SkinManager", "Jellyfin.Plugin.SkinManager\Jellyfin.Plugin.SkinManager.csproj", "{A6C0029B-F304-4577-92D3-32153DCE1FDC}"
EndProject
Global
	GlobalSection(SolutionConfigurationPlatforms) = preSolution
		Debug|Any CPU = Debug|Any CPU
		Release|Any CPU = Release|Any CPU
	EndGlobalSection
	GlobalSection(ProjectConfigurationPlatforms) = postSolution
		{A6C0029B-F304-4577-92D3-32153DCE1FDC}.Debug|Any CPU.ActiveCfg = Debug|Any CPU
		{A6C0029B-F304-4577-92D3-32153DCE1FDC}.Debug|Any CPU.Build.0 = Debug|Any CPU
		{A6C0029B-F304-4577-92D3-32153DCE1FDC}.Release|Any CPU.ActiveCfg = Release|Any CPU
		{A6C0029B-F304-4577-92D3-32153DCE1FDC}.Release|Any CPU.Build.0 = Release|Any CPU
	EndGlobalSection
	GlobalSection(SolutionProperties) = preSolution
		HideSolutionNode = FALSE
	EndGlobalSection
	GlobalSection(ExtensibilityGlobals) = postSolution
		SolutionGuid = {2CA974E4-4306-49EA-A84B-2EA99B35E80D}
	EndGlobalSection
EndGlobal
